
Microsoft Visual Studio Solution File, Format Version 12.00
# Visual Studio Version 17
VisualStudioVersion = 17.3.32819.101
MinimumVisualStudioVersion = 10.0.40219.1
Project("{FAE04EC0-301F-11D3-BF4B-00C04F79EFBC}") = "Azure Functions", "Azure Functions\Azure Functions.csproj", "{98F45F76-CBA6-4C2A-9618-A8786EC5CB22}"
EndProject
Global
	GlobalSection(SolutionConfigurationPlatforms) = preSolution
		Debug|Any CPU = Debug|Any CPU
		Release|Any CPU = Release|Any CPU
	EndGlobalSection
	GlobalSection(ProjectConfigurationPlatforms) = postSolution
		{98F45F76-CBA6-4C2A-9618-A8786EC5CB22}.Debug|Any CPU.ActiveCfg = Debug|Any CPU
		{98F45F76-CBA6-4C2A-9618-A8786EC5CB22}.Debug|Any CPU.Build.0 = Debug|Any CPU
		{98F45F76-CBA6-4C2A-9618-A8786EC5CB22}.Release|Any CPU.ActiveCfg = Release|Any CPU
		{98F45F76-CBA6-4C2A-9618-A8786EC5CB22}.Release|Any CPU.Build.0 = Release|Any CPU
	EndGlobalSection
	GlobalSection(SolutionProperties) = preSolution
		HideSolutionNode = FALSE
	EndGlobalSection
	GlobalSection(ExtensibilityGlobals) = postSolution
		SolutionGuid = {EFA62943-10EA-45FB-AABE-CC7A7BFD971F}
	EndGlobalSection
EndGlobal
